
Microsoft Visual Studio Solution File, Format Version 12.00
# Visual Studio Version 17
VisualStudioVersion = 17.2.32630.192
MinimumVisualStudioVersion = 10.0.40219.1
Project("{FAE04EC0-301F-11D3-BF4B-00C04F79EFBC}") = "WindowsFormsApp2", "WindowsFormsApp2\WindowsFormsApp2.csproj", "{27A1D0D2-E5BC-4D0B-932D-B42326276B7E}"
EndProject
Global
	GlobalSection(SolutionConfigurationPlatforms) = preSolution
		Debug|Any CPU = Debug|Any CPU
		Release|Any CPU = Release|Any CPU
	EndGlobalSection
	GlobalSection(ProjectConfigurationPlatforms) = postSolution
		{27A1D0D2-E5BC-4D0B-932D-B42326276B7E}.Debug|Any CPU.ActiveCfg = Debug|Any CPU
		{27A1D0D2-E5BC-4D0B-932D-B42326276B7E}.Debug|Any CPU.Build.0 = Debug|Any CPU
		{27A1D0D2-E5BC-4D0B-932D-B42326276B7E}.Release|Any CPU.ActiveCfg = Release|Any CPU
		{27A1D0D2-E5BC-4D0B-932D-B42326276B7E}.Release|Any CPU.Build.0 = Release|Any CPU
	EndGlobalSection
	GlobalSection(SolutionProperties) = preSolution
		HideSolutionNode = FALSE
	EndGlobalSection
	GlobalSection(ExtensibilityGlobals) = postSolution
		SolutionGuid = {78ACD770-1394-477C-ABD3-4E40C27A09E3}
	EndGlobalSection
EndGlobal
